
Microsoft Visual Studio Solution File, Format Version 12.00
# Visual Studio Version 17
VisualStudioVersion = 17.0.31919.166
MinimumVisualStudioVersion = 10.0.40219.1
Project("{FAE04EC0-301F-11D3-BF4B-00C04F79EFBC}") = "Longest Consecutive Sequence", "Longest Consecutive Sequence\Longest Consecutive Sequence.csproj", "{6FE4F0DD-FBB3-4E17-A97D-255FE970FBEB}"
EndProject
Global
	GlobalSection(SolutionConfigurationPlatforms) = preSolution
		Debug|Any CPU = Debug|Any CPU
		Release|Any CPU = Release|Any CPU
	EndGlobalSection
	GlobalSection(ProjectConfigurationPlatforms) = postSolution
		{6FE4F0DD-FBB3-4E17-A97D-255FE970FBEB}.Debug|Any CPU.ActiveCfg = Debug|Any CPU
		{6FE4F0DD-FBB3-4E17-A97D-255FE970FBEB}.Debug|Any CPU.Build.0 = Debug|Any CPU
		{6FE4F0DD-FBB3-4E17-A97D-255FE970FBEB}.Release|Any CPU.ActiveCfg = Release|Any CPU
		{6FE4F0DD-FBB3-4E17-A97D-255FE970FBEB}.Release|Any CPU.Build.0 = Release|Any CPU
	EndGlobalSection
	GlobalSection(SolutionProperties) = preSolution
		HideSolutionNode = FALSE
	EndGlobalSection
	GlobalSection(ExtensibilityGlobals) = postSolution
		SolutionGuid = {06A0F4EB-D639-444F-9970-9B50CE870FDC}
	EndGlobalSection
EndGlobal
